{
  "version": "5",
  "specifiers": {
    "jsr:@std/assert@1": "1.0.14",
    "jsr:@std/bytes@^1.0.5": "1.0.6",
    "jsr:@std/internal@^1.0.10": "1.0.10",
    "jsr:@std/io@*": "0.225.2",
    "npm:@babel/generator@7.28.3": "7.28.3",
    "npm:@babel/parser@7.28.3": "7.28.3",
    "npm:@babel/types@7.28.2": "7.28.2"
  },
  "jsr": {
    "@std/assert@1.0.14": {
      "integrity": "68d0d4a43b365abc927f45a9b85c639ea18a9fab96ad92281e493e4ed84abaa4",
      "dependencies": [
        "jsr:@std/internal"
      ]
    },
    "@std/bytes@1.0.6": {
      "integrity": "f6ac6adbd8ccd99314045f5703e23af0a68d7f7e58364b47d2c7f408aeb5820a"
    },
    "@std/internal@1.0.10": {
      "integrity": "e3be62ce42cab0e177c27698e5d9800122f67b766a0bea6ca4867886cbde8cf7"
    },
    "@std/io@0.225.2": {
      "integrity": "3c740cd4ee4c082e6cfc86458f47e2ab7cb353dc6234d5e9b1f91a2de5f4d6c7",
      "dependencies": [
        "jsr:@std/bytes"
      ]
    }
  },
  "npm": {
    "@babel/generator@7.28.3": {
      "integrity": "sha512-3lSpxGgvnmZznmBkCRnVREPUFJv2wrv9iAoFDvADJc0ypmdOxdUtcLeBgBJ6zE0PMeTKnxeQzyk0xTBq4Ep7zw==",
      "dependencies": [
        "@babel/parser",
        "@babel/types",
        "@jridgewell/gen-mapping",
        "@jridgewell/trace-mapping",
        "jsesc"
      ]
    },
    "@babel/helper-string-parser@7.27.1": {
      "integrity": "sha512-qMlSxKbpRlAridDExk92nSobyDdpPijUq2DW6oDnUqd0iOGxmQjyqhMIihI9+zv4LPyZdRje2cavWPbCbWm3eA=="
    },
    "@babel/helper-validator-identifier@7.27.1": {
      "integrity": "sha512-D2hP9eA+Sqx1kBZgzxZh0y1trbuU+JoDkiEwqhQ36nodYqJwyEIhPSdMNd7lOm/4io72luTPWH20Yda0xOuUow=="
    },
    "@babel/parser@7.28.3": {
      "integrity": "sha512-7+Ey1mAgYqFAx2h0RuoxcQT5+MlG3GTV0TQrgr7/ZliKsm/MNDxVVutlWaziMq7wJNAz8MTqz55XLpWvva6StA==",
      "dependencies": [
        "@babel/types"
      ],
      "bin": true
    },
    "@babel/types@7.28.2": {
      "integrity": "sha512-ruv7Ae4J5dUYULmeXw1gmb7rYRz57OWCPM57pHojnLq/3Z1CK2lNSLTCVjxVk1F/TZHwOZZrOWi0ur95BbLxNQ==",
      "dependencies": [
        "@babel/helper-string-parser",
        "@babel/helper-validator-identifier"
      ]
    },
    "@jridgewell/gen-mapping@0.3.13": {
      "integrity": "sha512-2kkt/7niJ6MgEPxF0bYdQ6etZaA+fQvDcLKckhy1yIQOzaoKjBBjSj63/aLVjYE3qhRt5dvM+uUyfCg6UKCBbA==",
      "dependencies": [
        "@jridgewell/sourcemap-codec",
        "@jridgewell/trace-mapping"
      ]
    },
    "@jridgewell/resolve-uri@3.1.2": {
      "integrity": "sha512-bRISgCIjP20/tbWSPWMEi54QVPRZExkuD9lJL+UIxUKtwVJA8wW1Trb1jMs1RFXo1CBTNZ/5hpC9QvmKWdopKw=="
    },
    "@jridgewell/sourcemap-codec@1.5.5": {
      "integrity": "sha512-cYQ9310grqxueWbl+WuIUIaiUaDcj7WOq5fVhEljNVgRfOUhY9fy2zTvfoqWsnebh8Sl70VScFbICvJnLKB0Og=="
    },
    "@jridgewell/trace-mapping@0.3.30": {
      "integrity": "sha512-GQ7Nw5G2lTu/BtHTKfXhKHok2WGetd4XYcVKGx00SjAk8GMwgJM3zr6zORiPGuOE+/vkc90KtTosSSvaCjKb2Q==",
      "dependencies": [
        "@jridgewell/resolve-uri",
        "@jridgewell/sourcemap-codec"
      ]
    },
    "jsesc@3.1.0": {
      "integrity": "sha512-/sM3dO2FOzXjKQhJuo0Q173wf2KOo8t4I8vHy6lF9poUp7bKT0/NHE8fPX23PwfhnykfqnC2xRxOnVw5XuGIaA==",
      "bin": true
    }
  },
  "workspace": {
    "dependencies": [
      "jsr:@std/assert@1",
      "jsr:@std/fs@*",
      "jsr:@std/io@*",
      "npm:@babel/generator@7.28.3",
      "npm:@babel/parser@7.28.3",
      "npm:@babel/types@7.28.2"
    ]
  }
}
